
Microsoft Visual Studio Solution File, Format Version 12.00
# Visual Studio Version 16
VisualStudioVersion = 16.0.31911.196
MinimumVisualStudioVersion = 10.0.40219.1
Project("{FAE04EC0-301F-11D3-BF4B-00C04F79EFBC}") = "NestBackProject", "NestBackProject\NestBackProject.csproj", "{29DEE956-A26D-443B-9841-51E9942E9D4D}"
EndProject
Global
	GlobalSection(SolutionConfigurationPlatforms) = preSolution
		Debug|Any CPU = Debug|Any CPU
		Release|Any CPU = Release|Any CPU
	EndGlobalSection
	GlobalSection(ProjectConfigurationPlatforms) = postSolution
		{29DEE956-A26D-443B-9841-51E9942E9D4D}.Debug|Any CPU.ActiveCfg = Debug|Any CPU
		{29DEE956-A26D-443B-9841-51E9942E9D4D}.Debug|Any CPU.Build.0 = Debug|Any CPU
		{29DEE956-A26D-443B-9841-51E9942E9D4D}.Release|Any CPU.ActiveCfg = Release|Any CPU
		{29DEE956-A26D-443B-9841-51E9942E9D4D}.Release|Any CPU.Build.0 = Release|Any CPU
	EndGlobalSection
	GlobalSection(SolutionProperties) = preSolution
		HideSolutionNode = FALSE
	EndGlobalSection
	GlobalSection(ExtensibilityGlobals) = postSolution
		SolutionGuid = {02A05429-0042-46BB-ACC3-742701AA5268}
	EndGlobalSection
EndGlobal
